
Microsoft Visual Studio Solution File, Format Version 12.00
# Visual Studio 15
VisualStudioVersion = 15.0.28307.271
MinimumVisualStudioVersion = 10.0.40219.1
Project("{FAE04EC0-301F-11D3-BF4B-00C04F79EFBC}") = "BairesDevCodingChallenge", "BairesDevCodingChallenge\BairesDevCodingChallenge.csproj", "{AB50CD30-5819-49BD-AB7A-F9D3BFE0622F}"
EndProject
Global
	GlobalSection(SolutionConfigurationPlatforms) = preSolution
		Debug|Any CPU = Debug|Any CPU
		Release|Any CPU = Release|Any CPU
	EndGlobalSection
	GlobalSection(ProjectConfigurationPlatforms) = postSolution
		{AB50CD30-5819-49BD-AB7A-F9D3BFE0622F}.Debug|Any CPU.ActiveCfg = Debug|Any CPU
		{AB50CD30-5819-49BD-AB7A-F9D3BFE0622F}.Debug|Any CPU.Build.0 = Debug|Any CPU
		{AB50CD30-5819-49BD-AB7A-F9D3BFE0622F}.Release|Any CPU.ActiveCfg = Release|Any CPU
		{AB50CD30-5819-49BD-AB7A-F9D3BFE0622F}.Release|Any CPU.Build.0 = Release|Any CPU
	EndGlobalSection
	GlobalSection(SolutionProperties) = preSolution
		HideSolutionNode = FALSE
	EndGlobalSection
	GlobalSection(ExtensibilityGlobals) = postSolution
		SolutionGuid = {DE2D0135-8773-4ECA-B68A-0BD5A982E011}
	EndGlobalSection
EndGlobal
